<Solution>
  <Folder Name="/SampleApp/">
    <Project Path="Project/SampleApp.Tests/SampleApp.Tests.csproj" />
    <Project Path="Project/SampleApp/SampleApp.csproj" />
  </Folder>
  <Folder Name="/Solution Items/">
    <File Path=".editorconfig" />
    <File Path="Directory.Build.props" />
    <File Path="Directory.Packages.props" />
  </Folder>
  <Project Path="Project/XUnitFramework.Project/XUnitFramework.Project.csproj" />
</Solution>
